
Microsoft Visual Studio Solution File, Format Version 12.00
# Visual Studio Version 17
VisualStudioVersion = 17.4.33122.133
MinimumVisualStudioVersion = 10.0.40219.1
Project("{FAE04EC0-301F-11D3-BF4B-00C04F79EFBC}") = "SearchAPI", "SearchServer\SearchAPI.csproj", "{F36DCE19-9F23-4D20-861D-26B7D08E24DA}"
EndProject
Project("{FAE04EC0-301F-11D3-BF4B-00C04F79EFBC}") = "DataAccess", "DataAccess\DataAccess.csproj", "{74F6D3F4-7A6A-472C-85BC-DF448C5D4FD1}"
EndProject
Project("{FAE04EC0-301F-11D3-BF4B-00C04F79EFBC}") = "DataAccessTests", "DataAccessTests\DataAccessTests.csproj", "{F77CB728-73D9-4E86-B871-77FF3189BA15}"
EndProject
Global
	GlobalSection(SolutionConfigurationPlatforms) = preSolution
		Debug|Any CPU = Debug|Any CPU
		Release|Any CPU = Release|Any CPU
	EndGlobalSection
	GlobalSection(ProjectConfigurationPlatforms) = postSolution
		{F36DCE19-9F23-4D20-861D-26B7D08E24DA}.Debug|Any CPU.ActiveCfg = Debug|Any CPU
		{F36DCE19-9F23-4D20-861D-26B7D08E24DA}.Debug|Any CPU.Build.0 = Debug|Any CPU
		{F36DCE19-9F23-4D20-861D-26B7D08E24DA}.Release|Any CPU.ActiveCfg = Release|Any CPU
		{F36DCE19-9F23-4D20-861D-26B7D08E24DA}.Release|Any CPU.Build.0 = Release|Any CPU
		{74F6D3F4-7A6A-472C-85BC-DF448C5D4FD1}.Debug|Any CPU.ActiveCfg = Debug|Any CPU
		{74F6D3F4-7A6A-472C-85BC-DF448C5D4FD1}.Debug|Any CPU.Build.0 = Debug|Any CPU
		{74F6D3F4-7A6A-472C-85BC-DF448C5D4FD1}.Release|Any CPU.ActiveCfg = Release|Any CPU
		{74F6D3F4-7A6A-472C-85BC-DF448C5D4FD1}.Release|Any CPU.Build.0 = Release|Any CPU
		{F77CB728-73D9-4E86-B871-77FF3189BA15}.Debug|Any CPU.ActiveCfg = Debug|Any CPU
		{F77CB728-73D9-4E86-B871-77FF3189BA15}.Debug|Any CPU.Build.0 = Debug|Any CPU
		{F77CB728-73D9-4E86-B871-77FF3189BA15}.Release|Any CPU.ActiveCfg = Release|Any CPU
		{F77CB728-73D9-4E86-B871-77FF3189BA15}.Release|Any CPU.Build.0 = Release|Any CPU
	EndGlobalSection
	GlobalSection(SolutionProperties) = preSolution
		HideSolutionNode = FALSE
	EndGlobalSection
	GlobalSection(ExtensibilityGlobals) = postSolution
		SolutionGuid = {4D5EBBF0-B42F-4D18-B5C2-60EEDAD4BD7B}
	EndGlobalSection
EndGlobal
